
Microsoft Visual Studio Solution File, Format Version 12.00
# Visual Studio 15
VisualStudioVersion = 15.0.27004.2002
MinimumVisualStudioVersion = 10.0.40219.1
Project("{FAE04EC0-301F-11D3-BF4B-00C04F79EFBC}") = "LemonWay", "LemonWay\LemonWay.csproj", "{666C25F9-66BD-4F83-819E-030A0E94C7BC}"
EndProject
Project("{FAE04EC0-301F-11D3-BF4B-00C04F79EFBC}") = "LemonWay.Tests", "LemonWay.Tests\LemonWay.Tests.csproj", "{11414F12-992F-40A7-B71A-6A81176585C9}"
EndProject
Project("{FAE04EC0-301F-11D3-BF4B-00C04F79EFBC}") = "LemonWay.Console", "LemonWay.Console\LemonWay.Console.csproj", "{0A1468BC-B387-41F9-BE67-98D215124EA8}"
EndProject
Global
	GlobalSection(SolutionConfigurationPlatforms) = preSolution
		Debug|Any CPU = Debug|Any CPU
		Release|Any CPU = Release|Any CPU
	EndGlobalSection
	GlobalSection(ProjectConfigurationPlatforms) = postSolution
		{666C25F9-66BD-4F83-819E-030A0E94C7BC}.Debug|Any CPU.ActiveCfg = Debug|Any CPU
		{666C25F9-66BD-4F83-819E-030A0E94C7BC}.Debug|Any CPU.Build.0 = Debug|Any CPU
		{666C25F9-66BD-4F83-819E-030A0E94C7BC}.Release|Any CPU.ActiveCfg = Release|Any CPU
		{666C25F9-66BD-4F83-819E-030A0E94C7BC}.Release|Any CPU.Build.0 = Release|Any CPU
		{11414F12-992F-40A7-B71A-6A81176585C9}.Debug|Any CPU.ActiveCfg = Debug|Any CPU
		{11414F12-992F-40A7-B71A-6A81176585C9}.Debug|Any CPU.Build.0 = Debug|Any CPU
		{11414F12-992F-40A7-B71A-6A81176585C9}.Release|Any CPU.ActiveCfg = Release|Any CPU
		{11414F12-992F-40A7-B71A-6A81176585C9}.Release|Any CPU.Build.0 = Release|Any CPU
		{0A1468BC-B387-41F9-BE67-98D215124EA8}.Debug|Any CPU.ActiveCfg = Debug|Any CPU
		{0A1468BC-B387-41F9-BE67-98D215124EA8}.Debug|Any CPU.Build.0 = Debug|Any CPU
		{0A1468BC-B387-41F9-BE67-98D215124EA8}.Release|Any CPU.ActiveCfg = Release|Any CPU
		{0A1468BC-B387-41F9-BE67-98D215124EA8}.Release|Any CPU.Build.0 = Release|Any CPU
	EndGlobalSection
	GlobalSection(SolutionProperties) = preSolution
		HideSolutionNode = FALSE
	EndGlobalSection
	GlobalSection(ExtensibilityGlobals) = postSolution
		SolutionGuid = {3E23CAB0-D30A-45A2-8385-D4965B8636D2}
	EndGlobalSection
EndGlobal
